// !$*UTF8*$!
{
	archiveVersion = 1;
	classes = {
	};
	objectVersion = 56;
	objects = {

/* Begin PBXBuildFile section */
		415639342B7BF7B700A36CF5 /* SwiftUIQuickRefApp.swift in Sources */ = {isa = PBXBuildFile; fileRef = 415639332B7BF7B700A36CF5 /* SwiftUIQuickRefApp.swift */; };
		415639362B7BF7B700A36CF5 /* ContentView.swift in Sources */ = {isa = PBXBuildFile; fileRef = 415639352B7BF7B700A36CF5 /* ContentView.swift */; };
		415639382B7BF7BA00A36CF5 /* Assets.xcassets in Resources */ = {isa = PBXBuildFile; fileRef = 415639372B7BF7BA00A36CF5 /* Assets.xcassets */; };
		4156393B2B7BF7BA00A36CF5 /* Preview Assets.xcassets in Resources */ = {isa = PBXBuildFile; fileRef = 4156393A2B7BF7BA00A36CF5 /* Preview Assets.xcassets */; };
		415639422B7BF7D700A36CF5 /* HStack_Intro.swift in Sources */ = {isa = PBXBuildFile; fileRef = 415639412B7BF7D700A36CF5 /* HStack_Intro.swift */; };
		415639442B7BF8F700A36CF5 /* HeaderViewMM.swift in Sources */ = {isa = PBXBuildFile; fileRef = 415639432B7BF8F700A36CF5 /* HeaderViewMM.swift */; };
		415639462B7BF95C00A36CF5 /* VStack_Intro.swift in Sources */ = {isa = PBXBuildFile; fileRef = 415639452B7BF95C00A36CF5 /* VStack_Intro.swift */; };
		415639492B7BFA5F00A36CF5 /* VStack_Nesting.swift in Sources */ = {isa = PBXBuildFile; fileRef = 415639482B7BFA5F00A36CF5 /* VStack_Nesting.swift */; };
		4156394B2B7BFDD000A36CF5 /* VStackSpacing.swift in Sources */ = {isa = PBXBuildFile; fileRef = 4156394A2B7BFDD000A36CF5 /* VStackSpacing.swift */; };
		4156394D2B7BFFCF00A36CF5 /* VStackAlignment.swift in Sources */ = {isa = PBXBuildFile; fileRef = 4156394C2B7BFFCF00A36CF5 /* VStackAlignment.swift */; };
		417304FB2B86760000DDF305 /* LazyVStackIntro.swift in Sources */ = {isa = PBXBuildFile; fileRef = 417304FA2B86760000DDF305 /* LazyVStackIntro.swift */; };
		417304FD2B867A9100DDF305 /* LazyStackAlignment.swift in Sources */ = {isa = PBXBuildFile; fileRef = 417304FC2B867A9100DDF305 /* LazyStackAlignment.swift */; };
		417304FF2B867C2600DDF305 /* LazyVStackScrolling.swift in Sources */ = {isa = PBXBuildFile; fileRef = 417304FE2B867C2600DDF305 /* LazyVStackScrolling.swift */; };
		417305012B867CCE00DDF305 /* MockData.swift in Sources */ = {isa = PBXBuildFile; fileRef = 417305002B867CCE00DDF305 /* MockData.swift */; };
/* End PBXBuildFile section */

/* Begin PBXFileReference section */
		415639302B7BF7B700A36CF5 /* SwiftUIQuickRef.app */ = {isa = PBXFileReference; explicitFileType = wrapper.application; includeInIndex = 0; path = SwiftUIQuickRef.app; sourceTree = BUILT_PRODUCTS_DIR; };
		415639332B7BF7B700A36CF5 /* SwiftUIQuickRefApp.swift */ = {isa = PBXFileReference; lastKnownFileType = sourcecode.swift; path = SwiftUIQuickRefApp.swift; sourceTree = "<group>"; };
		415639352B7BF7B700A36CF5 /* ContentView.swift */ = {isa = PBXFileReference; lastKnownFileType = sourcecode.swift; path = ContentView.swift; sourceTree = "<group>"; };
		415639372B7BF7BA00A36CF5 /* Assets.xcassets */ = {isa = PBXFileReference; lastKnownFileType = folder.assetcatalog; path = Assets.xcassets; sourceTree = "<group>"; };
		4156393A2B7BF7BA00A36CF5 /* Preview Assets.xcassets */ = {isa = PBXFileReference; lastKnownFileType = folder.assetcatalog; path = "Preview Assets.xcassets"; sourceTree = "<group>"; };
		415639412B7BF7D700A36CF5 /* HStack_Intro.swift */ = {isa = PBXFileReference; lastKnownFileType = sourcecode.swift; path = HStack_Intro.swift; sourceTree = "<group>"; };
		415639432B7BF8F700A36CF5 /* HeaderViewMM.swift */ = {isa = PBXFileReference; lastKnownFileType = sourcecode.swift; path = HeaderViewMM.swift; sourceTree = "<group>"; };
		415639452B7BF95C00A36CF5 /* VStack_Intro.swift */ = {isa = PBXFileReference; lastKnownFileType = sourcecode.swift; path = VStack_Intro.swift; sourceTree = "<group>"; };
		415639482B7BFA5F00A36CF5 /* VStack_Nesting.swift */ = {isa = PBXFileReference; lastKnownFileType = sourcecode.swift; path = VStack_Nesting.swift; sourceTree = "<group>"; };
		4156394A2B7BFDD000A36CF5 /* VStackSpacing.swift */ = {isa = PBXFileReference; lastKnownFileType = sourcecode.swift; path = VStackSpacing.swift; sourceTree = "<group>"; };
		4156394C2B7BFFCF00A36CF5 /* VStackAlignment.swift */ = {isa = PBXFileReference; lastKnownFileType = sourcecode.swift; path = VStackAlignment.swift; sourceTree = "<group>"; };
		417304FA2B86760000DDF305 /* LazyVStackIntro.swift */ = {isa = PBXFileReference; lastKnownFileType = sourcecode.swift; path = LazyVStackIntro.swift; sourceTree = "<group>"; };
		417304FC2B867A9100DDF305 /* LazyStackAlignment.swift */ = {isa = PBXFileReference; lastKnownFileType = sourcecode.swift; path = LazyStackAlignment.swift; sourceTree = "<group>"; };
		417304FE2B867C2600DDF305 /* LazyVStackScrolling.swift */ = {isa = PBXFileReference; lastKnownFileType = sourcecode.swift; path = LazyVStackScrolling.swift; sourceTree = "<group>"; };
		417305002B867CCE00DDF305 /* MockData.swift */ = {isa = PBXFileReference; lastKnownFileType = sourcecode.swift; path = MockData.swift; sourceTree = "<group>"; };
/* End PBXFileReference section */

/* Begin PBXFrameworksBuildPhase section */
		4156392D2B7BF7B700A36CF5 /* Frameworks */ = {
			isa = PBXFrameworksBuildPhase;
			buildActionMask = 2147483647;
			files = (
			);
			runOnlyForDeploymentPostprocessing = 0;
		};
/* End PBXFrameworksBuildPhase section */

/* Begin PBXGroup section */
		415639272B7BF7B700A36CF5 = {
			isa = PBXGroup;
			children = (
				415639322B7BF7B700A36CF5 /* SwiftUIQuickRef */,
				415639312B7BF7B700A36CF5 /* Products */,
			);
			sourceTree = "<group>";
		};
		415639312B7BF7B700A36CF5 /* Products */ = {
			isa = PBXGroup;
			children = (
				415639302B7BF7B700A36CF5 /* SwiftUIQuickRef.app */,
			);
			name = Products;
			sourceTree = "<group>";
		};
		415639322B7BF7B700A36CF5 /* SwiftUIQuickRef */ = {
			isa = PBXGroup;
			children = (
				415639332B7BF7B700A36CF5 /* SwiftUIQuickRefApp.swift */,
				415639352B7BF7B700A36CF5 /* ContentView.swift */,
				415639412B7BF7D700A36CF5 /* HStack_Intro.swift */,
				415639432B7BF8F700A36CF5 /* HeaderViewMM.swift */,
				415639372B7BF7BA00A36CF5 /* Assets.xcassets */,
				415639392B7BF7BA00A36CF5 /* Preview Content */,
				415639472B7BFA4200A36CF5 /* VStacks */,
				417305022B867CD900DDF305 /* Mock Data */,
			);
			path = SwiftUIQuickRef;
			sourceTree = "<group>";
		};
		415639392B7BF7BA00A36CF5 /* Preview Content */ = {
			isa = PBXGroup;
			children = (
				4156393A2B7BF7BA00A36CF5 /* Preview Assets.xcassets */,
			);
			path = "Preview Content";
			sourceTree = "<group>";
		};
		415639472B7BFA4200A36CF5 /* VStacks */ = {
			isa = PBXGroup;
			children = (
				415639452B7BF95C00A36CF5 /* VStack_Intro.swift */,
				415639482B7BFA5F00A36CF5 /* VStack_Nesting.swift */,
				4156394A2B7BFDD000A36CF5 /* VStackSpacing.swift */,
				4156394C2B7BFFCF00A36CF5 /* VStackAlignment.swift */,
				417304FA2B86760000DDF305 /* LazyVStackIntro.swift */,
				417304FC2B867A9100DDF305 /* LazyStackAlignment.swift */,
				417304FE2B867C2600DDF305 /* LazyVStackScrolling.swift */,
			);
			path = VStacks;
			sourceTree = "<group>";
		};
		417305022B867CD900DDF305 /* Mock Data */ = {
			isa = PBXGroup;
			children = (
				417305002B867CCE00DDF305 /* MockData.swift */,
			);
			path = "Mock Data";
			sourceTree = "<group>";
		};
/* End PBXGroup section */

/* Begin PBXNativeTarget section */
		4156392F2B7BF7B700A36CF5 /* SwiftUIQuickRef */ = {
			isa = PBXNativeTarget;
			buildConfigurationList = 4156393E2B7BF7BA00A36CF5 /* Build configuration list for PBXNativeTarget "SwiftUIQuickRef" */;
			buildPhases = (
				4156392C2B7BF7B700A36CF5 /* Sources */,
				4156392D2B7BF7B700A36CF5 /* Frameworks */,
				4156392E2B7BF7B700A36CF5 /* Resources */,
			);
			buildRules = (
			);
			dependencies = (
			);
			name = SwiftUIQuickRef;
			productName = SwiftUIQuickRef;
			productReference = 415639302B7BF7B700A36CF5 /* SwiftUIQuickRef.app */;
			productType = "com.apple.product-type.application";
		};
/* End PBXNativeTarget section */

/* Begin PBXProject section */
		415639282B7BF7B700A36CF5 /* Project object */ = {
			isa = PBXProject;
			attributes = {
				BuildIndependentTargetsInParallel = 1;
				LastSwiftUpdateCheck = 1520;
				LastUpgradeCheck = 1520;
				TargetAttributes = {
					4156392F2B7BF7B700A36CF5 = {
						CreatedOnToolsVersion = 15.2;
					};
				};
			};
			buildConfigurationList = 4156392B2B7BF7B700A36CF5 /* Build configuration list for PBXProject "SwiftUIQuickRef" */;
			compatibilityVersion = "Xcode 14.0";
			developmentRegion = en;
			hasScannedForEncodings = 0;
			knownRegions = (
				en,
				Base,
			);
			mainGroup = 415639272B7BF7B700A36CF5;
			productRefGroup = 415639312B7BF7B700A36CF5 /* Products */;
			projectDirPath = "";
			projectRoot = "";
			targets = (
				4156392F2B7BF7B700A36CF5 /* SwiftUIQuickRef */,
			);
		};
/* End PBXProject section */

/* Begin PBXResourcesBuildPhase section */
		4156392E2B7BF7B700A36CF5 /* Resources */ = {
			isa = PBXResourcesBuildPhase;
			buildActionMask = 2147483647;
			files = (
				4156393B2B7BF7BA00A36CF5 /* Preview Assets.xcassets in Resources */,
				415639382B7BF7BA00A36CF5 /* Assets.xcassets in Resources */,
			);
			runOnlyForDeploymentPostprocessing = 0;
		};
/* End PBXResourcesBuildPhase section */

/* Begin PBXSourcesBuildPhase section */
		4156392C2B7BF7B700A36CF5 /* Sources */ = {
			isa = PBXSourcesBuildPhase;
			buildActionMask = 2147483647;
			files = (
				4156394B2B7BFDD000A36CF5 /* VStackSpacing.swift in Sources */,
				417305012B867CCE00DDF305 /* MockData.swift in Sources */,
				415639362B7BF7B700A36CF5 /* ContentView.swift in Sources */,
				415639342B7BF7B700A36CF5 /* SwiftUIQuickRefApp.swift in Sources */,
				4156394D2B7BFFCF00A36CF5 /* VStackAlignment.swift in Sources */,
				415639492B7BFA5F00A36CF5 /* VStack_Nesting.swift in Sources */,
				417304FB2B86760000DDF305 /* LazyVStackIntro.swift in Sources */,
				415639462B7BF95C00A36CF5 /* VStack_Intro.swift in Sources */,
				417304FF2B867C2600DDF305 /* LazyVStackScrolling.swift in Sources */,
				415639422B7BF7D700A36CF5 /* HStack_Intro.swift in Sources */,
				417304FD2B867A9100DDF305 /* LazyStackAlignment.swift in Sources */,
				415639442B7BF8F700A36CF5 /* HeaderViewMM.swift in Sources */,
			);
			runOnlyForDeploymentPostprocessing = 0;
		};
/* End PBXSourcesBuildPhase section */

/* Begin XCBuildConfiguration section */
		4156393C2B7BF7BA00A36CF5 /* Debug */ = {
			isa = XCBuildConfiguration;
			buildSettings = {
				ALWAYS_SEARCH_USER_PATHS = NO;
				ASSETCATALOG_COMPILER_GENERATE_SWIFT_ASSET_SYMBOL_EXTENSIONS = YES;
				CLANG_ANALYZER_NONNULL = YES;
				CLANG_ANALYZER_NUMBER_OBJECT_CONVERSION = YES_AGGRESSIVE;
				CLANG_CXX_LANGUAGE_STANDARD = "gnu++20";
				CLANG_ENABLE_MODULES = YES;
				CLANG_ENABLE_OBJC_ARC = YES;
				CLANG_ENABLE_OBJC_WEAK = YES;
				CLANG_WARN_BLOCK_CAPTURE_AUTORELEASING = YES;
				CLANG_WARN_BOOL_CONVERSION = YES;
				CLANG_WARN_COMMA = YES;
				CLANG_WARN_CONSTANT_CONVERSION = YES;
				CLANG_WARN_DEPRECATED_OBJC_IMPLEMENTATIONS = YES;
				CLANG_WARN_DIRECT_OBJC_ISA_USAGE = YES_ERROR;
				CLANG_WARN_DOCUMENTATION_COMMENTS = YES;
				CLANG_WARN_EMPTY_BODY = YES;
				CLANG_WARN_ENUM_CONVERSION = YES;
				CLANG_WARN_INFINITE_RECURSION = YES;
				CLANG_WARN_INT_CONVERSION = YES;
				CLANG_WARN_NON_LITERAL_NULL_CONVERSION = YES;
				CLANG_WARN_OBJC_IMPLICIT_RETAIN_SELF = YES;
				CLANG_WARN_OBJC_LITERAL_CONVERSION = YES;
				CLANG_WARN_OBJC_ROOT_CLASS = YES_ERROR;
				CLANG_WARN_QUOTED_INCLUDE_IN_FRAMEWORK_HEADER = YES;
				CLANG_WARN_RANGE_LOOP_ANALYSIS = YES;
				CLANG_WARN_STRICT_PROTOTYPES = YES;
				CLANG_WARN_SUSPICIOUS_MOVE = YES;
				CLANG_WARN_UNGUARDED_AVAILABILITY = YES_AGGRESSIVE;
				CLANG_WARN_UNREACHABLE_CODE = YES;
				CLANG_WARN__DUPLICATE_METHOD_MATCH = YES;
				COPY_PHASE_STRIP = NO;
				DEBUG_INFORMATION_FORMAT = dwarf;
				ENABLE_STRICT_OBJC_MSGSEND = YES;
				ENABLE_TESTABILITY = YES;
				ENABLE_USER_SCRIPT_SANDBOXING = YES;
				GCC_C_LANGUAGE_STANDARD = gnu17;
				GCC_DYNAMIC_NO_PIC = NO;
				GCC_NO_COMMON_BLOCKS = YES;
				GCC_OPTIMIZATION_LEVEL = 0;
				GCC_PREPROCESSOR_DEFINITIONS = (
					"DEBUG=1",
					"$(inherited)",
				);
				GCC_WARN_64_TO_32_BIT_CONVERSION = YES;
				GCC_WARN_ABOUT_RETURN_TYPE = YES_ERROR;
				GCC_WARN_UNDECLARED_SELECTOR = YES;
				GCC_WARN_UNINITIALIZED_AUTOS = YES_AGGRESSIVE;
				GCC_WARN_UNUSED_FUNCTION = YES;
				GCC_WARN_UNUSED_VARIABLE = YES;
				IPHONEOS_DEPLOYMENT_TARGET = 17.2;
				LOCALIZATION_PREFERS_STRING_CATALOGS = YES;
				MTL_ENABLE_DEBUG_INFO = INCLUDE_SOURCE;
				MTL_FAST_MATH = YES;
				ONLY_ACTIVE_ARCH = YES;
				SDKROOT = iphoneos;
				SWIFT_ACTIVE_COMPILATION_CONDITIONS = "DEBUG $(inherited)";
				SWIFT_OPTIMIZATION_LEVEL = "-Onone";
			};
			name = Debug;
		};
		4156393D2B7BF7BA00A36CF5 /* Release */ = {
			isa = XCBuildConfiguration;
			buildSettings = {
				ALWAYS_SEARCH_USER_PATHS = NO;
				ASSETCATALOG_COMPILER_GENERATE_SWIFT_ASSET_SYMBOL_EXTENSIONS = YES;
				CLANG_ANALYZER_NONNULL = YES;
				CLANG_ANALYZER_NUMBER_OBJECT_CONVERSION = YES_AGGRESSIVE;
				CLANG_CXX_LANGUAGE_STANDARD = "gnu++20";
				CLANG_ENABLE_MODULES = YES;
				CLANG_ENABLE_OBJC_ARC = YES;
				CLANG_ENABLE_OBJC_WEAK = YES;
				CLANG_WARN_BLOCK_CAPTURE_AUTORELEASING = YES;
				CLANG_WARN_BOOL_CONVERSION = YES;
				CLANG_WARN_COMMA = YES;
				CLANG_WARN_CONSTANT_CONVERSION = YES;
				CLANG_WARN_DEPRECATED_OBJC_IMPLEMENTATIONS = YES;
				CLANG_WARN_DIRECT_OBJC_ISA_USAGE = YES_ERROR;
				CLANG_WARN_DOCUMENTATION_COMMENTS = YES;
				CLANG_WARN_EMPTY_BODY = YES;
				CLANG_WARN_ENUM_CONVERSION = YES;
				CLANG_WARN_INFINITE_RECURSION = YES;
				CLANG_WARN_INT_CONVERSION = YES;
				CLANG_WARN_NON_LITERAL_NULL_CONVERSION = YES;
				CLANG_WARN_OBJC_IMPLICIT_RETAIN_SELF = YES;
				CLANG_WARN_OBJC_LITERAL_CONVERSION = YES;
				CLANG_WARN_OBJC_ROOT_CLASS = YES_ERROR;
				CLANG_WARN_QUOTED_INCLUDE_IN_FRAMEWORK_HEADER = YES;
				CLANG_WARN_RANGE_LOOP_ANALYSIS = YES;
				CLANG_WARN_STRICT_PROTOTYPES = YES;
				CLANG_WARN_SUSPICIOUS_MOVE = YES;
				CLANG_WARN_UNGUARDED_AVAILABILITY = YES_AGGRESSIVE;
				CLANG_WARN_UNREACHABLE_CODE = YES;
				CLANG_WARN__DUPLICATE_METHOD_MATCH = YES;
				COPY_PHASE_STRIP = NO;
				DEBUG_INFORMATION_FORMAT = "dwarf-with-dsym";
				ENABLE_NS_ASSERTIONS = NO;
				ENABLE_STRICT_OBJC_MSGSEND = YES;
				ENABLE_USER_SCRIPT_SANDBOXING = YES;
				GCC_C_LANGUAGE_STANDARD = gnu17;
				GCC_NO_COMMON_BLOCKS = YES;
				GCC_WARN_64_TO_32_BIT_CONVERSION = YES;
				GCC_WARN_ABOUT_RETURN_TYPE = YES_ERROR;
				GCC_WARN_UNDECLARED_SELECTOR = YES;
				GCC_WARN_UNINITIALIZED_AUTOS = YES_AGGRESSIVE;
				GCC_WARN_UNUSED_FUNCTION = YES;
				GCC_WARN_UNUSED_VARIABLE = YES;
				IPHONEOS_DEPLOYMENT_TARGET = 17.2;
				LOCALIZATION_PREFERS_STRING_CATALOGS = YES;
				MTL_ENABLE_DEBUG_INFO = NO;
				MTL_FAST_MATH = YES;
				SDKROOT = iphoneos;
				SWIFT_COMPILATION_MODE = wholemodule;
				VALIDATE_PRODUCT = YES;
			};
			name = Release;
		};
		4156393F2B7BF7BA00A36CF5 /* Debug */ = {
			isa = XCBuildConfiguration;
			buildSettings = {
				ASSETCATALOG_COMPILER_APPICON_NAME = AppIcon;
				ASSETCATALOG_COMPILER_GLOBAL_ACCENT_COLOR_NAME = AccentColor;
				CODE_SIGN_STYLE = Automatic;
				CURRENT_PROJECT_VERSION = 1;
				DEVELOPMENT_ASSET_PATHS = "\"SwiftUIQuickRef/Preview Content\"";
				DEVELOPMENT_TEAM = 5WJ44R4U4C;
				ENABLE_PREVIEWS = YES;
				GENERATE_INFOPLIST_FILE = YES;
				INFOPLIST_KEY_UIApplicationSceneManifest_Generation = YES;
				INFOPLIST_KEY_UIApplicationSupportsIndirectInputEvents = YES;
				INFOPLIST_KEY_UILaunchScreen_Generation = YES;
				INFOPLIST_KEY_UISupportedInterfaceOrientations_iPad = "UIInterfaceOrientationPortrait UIInterfaceOrientationPortraitUpsideDown UIInterfaceOrientationLandscapeLeft UIInterfaceOrientationLandscapeRight";
				INFOPLIST_KEY_UISupportedInterfaceOrientations_iPhone = "UIInterfaceOrientationPortrait UIInterfaceOrientationLandscapeLeft UIInterfaceOrientationLandscapeRight";
				LD_RUNPATH_SEARCH_PATHS = (
					"$(inherited)",
					"@executable_path/Frameworks",
				);
				MARKETING_VERSION = 1.0;
				PRODUCT_BUNDLE_IDENTIFIER = iKarly.SwiftUIQuickRef;
				PRODUCT_NAME = "$(TARGET_NAME)";
				SWIFT_EMIT_LOC_STRINGS = YES;
				SWIFT_VERSION = 5.0;
				TARGETED_DEVICE_FAMILY = "1,2";
			};
			name = Debug;
		};
		415639402B7BF7BA00A36CF5 /* Release */ = {
			isa = XCBuildConfiguration;
			buildSettings = {
				ASSETCATALOG_COMPILER_APPICON_NAME = AppIcon;
				ASSETCATALOG_COMPILER_GLOBAL_ACCENT_COLOR_NAME = AccentColor;
				CODE_SIGN_STYLE = Automatic;
				CURRENT_PROJECT_VERSION = 1;
				DEVELOPMENT_ASSET_PATHS = "\"SwiftUIQuickRef/Preview Content\"";
				DEVELOPMENT_TEAM = 5WJ44R4U4C;
				ENABLE_PREVIEWS = YES;
				GENERATE_INFOPLIST_FILE = YES;
				INFOPLIST_KEY_UIApplicationSceneManifest_Generation = YES;
				INFOPLIST_KEY_UIApplicationSupportsIndirectInputEvents = YES;
				INFOPLIST_KEY_UILaunchScreen_Generation = YES;
				INFOPLIST_KEY_UISupportedInterfaceOrientations_iPad = "UIInterfaceOrientationPortrait UIInterfaceOrientationPortraitUpsideDown UIInterfaceOrientationLandscapeLeft UIInterfaceOrientationLandscapeRight";
				INFOPLIST_KEY_UISupportedInterfaceOrientations_iPhone = "UIInterfaceOrientationPortrait UIInterfaceOrientationLandscapeLeft UIInterfaceOrientationLandscapeRight";
				LD_RUNPATH_SEARCH_PATHS = (
					"$(inherited)",
					"@executable_path/Frameworks",
				);
				MARKETING_VERSION = 1.0;
				PRODUCT_BUNDLE_IDENTIFIER = iKarly.SwiftUIQuickRef;
				PRODUCT_NAME = "$(TARGET_NAME)";
				SWIFT_EMIT_LOC_STRINGS = YES;
				SWIFT_VERSION = 5.0;
				TARGETED_DEVICE_FAMILY = "1,2";
			};
			name = Release;
		};
/* End XCBuildConfiguration section */

/* Begin XCConfigurationList section */
		4156392B2B7BF7B700A36CF5 /* Build configuration list for PBXProject "SwiftUIQuickRef" */ = {
			isa = XCConfigurationList;
			buildConfigurations = (
				4156393C2B7BF7BA00A36CF5 /* Debug */,
				4156393D2B7BF7BA00A36CF5 /* Release */,
			);
			defaultConfigurationIsVisible = 0;
			defaultConfigurationName = Release;
		};
		4156393E2B7BF7BA00A36CF5 /* Build configuration list for PBXNativeTarget "SwiftUIQuickRef" */ = {
			isa = XCConfigurationList;
			buildConfigurations = (
				4156393F2B7BF7BA00A36CF5 /* Debug */,
				415639402B7BF7BA00A36CF5 /* Release */,
			);
			defaultConfigurationIsVisible = 0;
			defaultConfigurationName = Release;
		};
/* End XCConfigurationList section */
	};
	rootObject = 415639282B7BF7B700A36CF5 /* Project object */;
}
